
Microsoft Visual Studio Solution File, Format Version 12.00
# Visual Studio Version 16
VisualStudioVersion = 16.0.29201.188
MinimumVisualStudioVersion = 10.0.40219.1
Project("{FAE04EC0-301F-11D3-BF4B-00C04F79EFBC}") = "BusinessGame", "BusinessGame\BusinessGame.csproj", "{EF3C2FDF-913B-42AD-8A50-4BF8C23B1199}"
EndProject
Global
	GlobalSection(SolutionConfigurationPlatforms) = preSolution
		Debug|Any CPU = Debug|Any CPU
		Release|Any CPU = Release|Any CPU
	EndGlobalSection
	GlobalSection(ProjectConfigurationPlatforms) = postSolution
		{EF3C2FDF-913B-42AD-8A50-4BF8C23B1199}.Debug|Any CPU.ActiveCfg = Debug|Any CPU
		{EF3C2FDF-913B-42AD-8A50-4BF8C23B1199}.Debug|Any CPU.Build.0 = Debug|Any CPU
		{EF3C2FDF-913B-42AD-8A50-4BF8C23B1199}.Release|Any CPU.ActiveCfg = Release|Any CPU
		{EF3C2FDF-913B-42AD-8A50-4BF8C23B1199}.Release|Any CPU.Build.0 = Release|Any CPU
	EndGlobalSection
	GlobalSection(SolutionProperties) = preSolution
		HideSolutionNode = FALSE
	EndGlobalSection
	GlobalSection(ExtensibilityGlobals) = postSolution
		SolutionGuid = {94039B6C-6BD1-452F-BD9B-62AE374FC514}
	EndGlobalSection
EndGlobal
